PODS:
  - CalendarLib (2.0):
    - OrderedDictionary (~> 1.2)
    - OSCache (~> 1.2)
  - OrderedDictionary (1.2)
  - OSCache (1.2.1)

DEPENDENCIES:
  - CalendarLib

SPEC CHECKSUMS:
  CalendarLib: 040a8a655376581d8dc7c3c63196ddcf5223f471
  OrderedDictionary: 9cc5d69c5c5314ad696ed1839190724e83d534c7
  OSCache: 826996b68e8542a8a3d8af1ab0a0fc3070d8f357

PODFILE CHECKSUM: ed98a63b5e4cfcdc2eb3cd3296b56ee66c536159

COCOAPODS: 1.0.1
